
Microsoft Visual Studio Solution File, Format Version 12.00
Project("{FAE04EC0-301F-11D3-BF4B-00C04F79EFBC}") = "DigitalSignatures", "DigitalSignatures.csproj", "{D8AD11F3-4C42-43F5-827E-930D2A34EFBB}"
EndProject
Global
	GlobalSection(SolutionConfigurationPlatforms) = preSolution
		Debug|Any CPU = Debug|Any CPU
		Release|Any CPU = Release|Any CPU
	EndGlobalSection
	GlobalSection(ProjectConfigurationPlatforms) = postSolution
		{D8AD11F3-4C42-43F5-827E-930D2A34EFBB}.Debug|Any CPU.ActiveCfg = Debug|Any CPU
		{D8AD11F3-4C42-43F5-827E-930D2A34EFBB}.Debug|Any CPU.Build.0 = Debug|Any CPU
		{D8AD11F3-4C42-43F5-827E-930D2A34EFBB}.Release|Any CPU.ActiveCfg = Release|Any CPU
		{D8AD11F3-4C42-43F5-827E-930D2A34EFBB}.Release|Any CPU.Build.0 = Release|Any CPU
	EndGlobalSection
EndGlobal
